
Microsoft Visual Studio Solution File, Format Version 12.00
# Visual Studio Version 17
VisualStudioVersion = 17.11.35327.3
MinimumVisualStudioVersion = 10.0.40219.1
Project("{8BC9CEB8-8B4A-11D0-8D11-00A0C91BC942}") = "TEST_Functions", "TEST_Functions\TEST_Functions.vcxproj", "{5294A9B2-0859-4531-B1E9-7791EB716B0E}"
EndProject
Global
	GlobalSection(SolutionConfigurationPlatforms) = preSolution
		Debug|x64 = Debug|x64
		Debug|x86 = Debug|x86
		Release|x64 = Release|x64
		Release|x86 = Release|x86
	EndGlobalSection
	GlobalSection(ProjectConfigurationPlatforms) = postSolution
		{5294A9B2-0859-4531-B1E9-7791EB716B0E}.Debug|x64.ActiveCfg = Debug|x64
		{5294A9B2-0859-4531-B1E9-7791EB716B0E}.Debug|x64.Build.0 = Debug|x64
		{5294A9B2-0859-4531-B1E9-7791EB716B0E}.Debug|x86.ActiveCfg = Debug|Win32
		{5294A9B2-0859-4531-B1E9-7791EB716B0E}.Debug|x86.Build.0 = Debug|Win32
		{5294A9B2-0859-4531-B1E9-7791EB716B0E}.Release|x64.ActiveCfg = Release|x64
		{5294A9B2-0859-4531-B1E9-7791EB716B0E}.Release|x64.Build.0 = Release|x64
		{5294A9B2-0859-4531-B1E9-7791EB716B0E}.Release|x86.ActiveCfg = Release|Win32
		{5294A9B2-0859-4531-B1E9-7791EB716B0E}.Release|x86.Build.0 = Release|Win32
	EndGlobalSection
	GlobalSection(SolutionProperties) = preSolution
		HideSolutionNode = FALSE
	EndGlobalSection
	GlobalSection(ExtensibilityGlobals) = postSolution
		SolutionGuid = {690B777D-ED62-483A-BA4A-939A1E504D7E}
	EndGlobalSection
EndGlobal
